%{
  "connection": {:hex, :connection, "1.0.4", "a1cae72211f0eef17705aaededacac3eb30e6625b04a6117c1b2db6ace7d5976", [:mix], [], "hexpm"},
  "db_connection": {:hex, :db_connection, "2.0.0", "e28c878035eec1b891e629555ddfed6456e43d8482340a81924da8c85eb6b8a1", [:mix], [{:connection, "~> 1.0.2", [hex: :connection, repo: "hexpm", optional: false]}], "hexpm"},
  "decimal": {:hex, :decimal, "1.5.0", "b0433a36d0e2430e3d50291b1c65f53c37d56f83665b43d79963684865beab68", [:mix], [], "hexpm"},
  "ecto": {:hex, :ecto, "3.0.0", "059250d96f17f9c10f524fcb09d058f566691343e90318a161cf62a48f3912a9", [:mix], [{:decimal, "~> 1.5", [hex: :decimal, repo: "hexpm", optional: false]}, {:jason, "~> 1.0", [hex: :jason, repo: "hexpm", optional: true]}, {:poison, "~> 2.2 or ~> 3.0", [hex: :poison, repo: "hexpm", optional: true]}], "hexpm"},
  "ecto_sql": {:hex, :ecto_sql, "3.0.0-rc.1", "f7feaffa5af631b0d5728118a74ec9f4854371baff565d7006120c59f91353ca", [:mix], [{:db_connection, "~> 2.0", [hex: :db_connection, repo: "hexpm", optional: false]}, {:ecto, "~> 3.0.0", [hex: :ecto, repo: "hexpm", optional: false]}, {:mariaex, "~> 0.9.0-rc", [hex: :mariaex, repo: "hexpm", optional: true]}, {:postgrex, "~> 0.14.0", [hex: :postgrex, repo: "hexpm", optional: true]}, {:telemetry, "~> 0.2.0", [hex: :telemetry, repo: "hexpm", optional: false]}], "hexpm"},
  "mariaex": {:hex, :mariaex, "0.9.0-rc.0", "8a056b38a22ebdd730fc50b04f770e43ae8f24c42e15bcb9bfe2b8b673609abb", [:mix], [{:db_connection, "~> 2.0-rc.0", [hex: :db_connection, repo: "hexpm", optional: false]}, {:decimal, "~> 1.2", [hex: :decimal, repo: "hexpm", optional: false]}, {:poison, ">= 0.0.0", [hex: :poison, repo: "hexpm", optional: true]}], "hexpm"},
  "memoize": {:hex, :memoize, "1.2.8", "97b663984267c2e4a36881edf7feb1c1b848887f5ed0b8374ace0fef367ffb86", [:mix], [], "hexpm"},
  "power_assert": {:hex, :power_assert, "0.1.2", "a3b9f4cbc890b210839d0eeded08050563fc111a06fa4c1470db5151a41520ea", [:mix], [], "hexpm"},
  "telemetry": {:hex, :telemetry, "0.2.0", "5b40caa3efe4deb30fb12d7cd8ed4f556f6d6bd15c374c2366772161311ce377", [:mix], [], "hexpm"},
  "uuid": {:hex, :uuid, "1.1.8", "e22fc04499de0de3ed1116b770c7737779f226ceefa0badb3592e64d5cfb4eb9", [:mix], [], "hexpm"},
}
